{
  "name": "cosmic-themes-py",
  "lockfileVersion": 3,
  "requires": true,
  "packages": {
    "": {
      "name": "cosmic-themes-py",
      "dependencies": {
        "@picocss/pico": "^2.0.6",
        "alpinejs": "^3.14.1",
        "htmx.org": "^2.0.2"
      }
    },
    "node_modules/@picocss/pico": {
      "version": "2.1.1",
      "resolved": "https://registry.npmjs.org/@picocss/pico/-/pico-2.1.1.tgz",
      "integrity": "sha512-kIDugA7Ps4U+2BHxiNHmvgPIQDWPDU4IeU6TNRdvXQM1uZX+FibqDQT2xUOnnO2yq/LUHcwnGlu1hvf4KfXnMg==",
      "license": "MIT"
    },
    "node_modules/@vue/reactivity": {
      "version": "3.1.5",
      "resolved": "https://registry.npmjs.org/@vue/reactivity/-/reactivity-3.1.5.tgz",
      "integrity": "sha512-1tdfLmNjWG6t/CsPldh+foumYFo3cpyCHgBYQ34ylaMsJ+SNHQ1kApMIa8jN+i593zQuaw3AdWH0nJTARzCFhg==",
      "license": "MIT",
      "dependencies": {
        "@vue/shared": "3.1.5"
      }
    },
    "node_modules/@vue/shared": {
      "version": "3.1.5",
      "resolved": "https://registry.npmjs.org/@vue/shared/-/shared-3.1.5.tgz",
      "integrity": "sha512-oJ4F3TnvpXaQwZJNF3ZK+kLPHKarDmJjJ6jyzVNDKH9md1dptjC7lWR//jrGuLdek/U6iltWxqAnYOu8gCiOvA==",
      "license": "MIT"
    },
    "node_modules/alpinejs": {
      "version": "3.14.9",
      "resolved": "https://registry.npmjs.org/alpinejs/-/alpinejs-3.14.9.tgz",
      "integrity": "sha512-gqSOhTEyryU9FhviNqiHBHzgjkvtukq9tevew29fTj+ofZtfsYriw4zPirHHOAy9bw8QoL3WGhyk7QqCh5AYlw==",
      "license": "MIT",
      "dependencies": {
        "@vue/reactivity": "~3.1.1"
      }
    },
    "node_modules/htmx.org": {
      "version": "2.0.4",
      "resolved": "https://registry.npmjs.org/htmx.org/-/htmx.org-2.0.4.tgz",
      "integrity": "sha512-HLxMCdfXDOJirs3vBZl/ZLoY+c7PfM4Ahr2Ad4YXh6d22T5ltbTXFFkpx9Tgb2vvmWFMbIc3LqN2ToNkZJvyYQ==",
      "license": "0BSD"
    }
  }
}
