version = 1
requires-python = ">=3.12"

[[distribution]]
name = "asgiref"
version = "3.8.1"
source = { registry = "https://pypi.org/simple" }
sdist = { url = "https://files.pythonhosted.org/packages/29/38/b3395cc9ad1b56d2ddac9970bc8f4141312dbaec28bc7c218b0dfafd0f42/asgiref-3.8.1.tar.gz", hash = "sha256:c343bd80a0bec947a9860adb4c432ffa7db769836c64238fc34bdc3fec84d590", size = 35186 }
wheels = [
    { url = "https://files.pythonhosted.org/packages/39/e3/893e8757be2612e6c266d9bb58ad2e3651524b5b40cf56761e985a28b13e/asgiref-3.8.1-py3-none-any.whl", hash = "sha256:3e1e3ecc849832fe52ccf2cb6686b7a55f82bb1d6aee72a58826471390335e47", size = 23828 },
]

[[distribution]]
name = "cosmic-themes-py"
version = "0.1.0"
source = { editable = "." }
dependencies = [
    { name = "crispy-bootstrap5" },
    { name = "dj-database-url" },
    { name = "django" },
    { name = "django-bootstrap5" },
    { name = "django-crispy-forms" },
    { name = "gunicorn" },
]

[distribution.dev-dependencies]
dev = [
    { name = "django-stubs" },
]

[[distribution]]
name = "crispy-bootstrap5"
version = "2024.2"
source = { registry = "https://pypi.org/simple" }
dependencies = [
    { name = "django" },
    { name = "django-crispy-forms" },
]
sdist = { url = "https://files.pythonhosted.org/packages/75/45/af5c7a13742650b1187a1a6db5197577b57f2b1ca3a042c3b386ddfbebfc/crispy-bootstrap5-2024.2.tar.gz", hash = "sha256:7d1fa40c6faf472e30e85c72551a3d2c9eedbf0abfff920683315e4e6f670f2b", size = 23411 }
wheels = [
    { url = "https://files.pythonhosted.org/packages/13/11/a1c22b4c803125901af7d2fa683f4c6eb14d511644da5fc0b45a0cb44cae/crispy_bootstrap5-2024.2-py3-none-any.whl", hash = "sha256:3867e320920a6ef156e94f9e0f06a80344c453e1b3bd96cd9dc0522ae9e9afb8", size = 24351 },
]

[[distribution]]
name = "dj-database-url"
version = "2.2.0"
source = { registry = "https://pypi.org/simple" }
dependencies = [
    { name = "django" },
    { name = "typing-extensions" },
]
sdist = { url = "https://files.pythonhosted.org/packages/1a/48/51f398a47c197f584b3445de886986ddc40de18bdb6e168f325a8d2c7bca/dj_database_url-2.2.0.tar.gz", hash = "sha256:9f9b05058ddf888f1e6f840048b8d705ff9395e3b52a07165daa3d8b9360551b", size = 10874 }
wheels = [
    { url = "https://files.pythonhosted.org/packages/6f/9a/13f173c716d07283661e821f7e1624d0904835151b4f099687455dbef81e/dj_database_url-2.2.0-py3-none-any.whl", hash = "sha256:3e792567b0aa9a4884860af05fe2aa4968071ad351e033b6db632f97ac6db9de", size = 7764 },
]

[[distribution]]
name = "django"
version = "5.1"
source = { registry = "https://pypi.org/simple" }
dependencies = [
    { name = "asgiref" },
    { name = "sqlparse" },
    { name = "tzdata", marker = "sys_platform == 'win32'" },
]
sdist = { url = "https://files.pythonhosted.org/packages/1e/0c/d854d25bb74a8a3b41e642bbd27fe6af12fadd0edfd07d487809cf0ef719/Django-5.1.tar.gz", hash = "sha256:848a5980e8efb76eea70872fb0e4bc5e371619c70fffbe48e3e1b50b2c09455d", size = 10681050 }
wheels = [
    { url = "https://files.pythonhosted.org/packages/28/b4/110532cebfea2244d76119904da98c6fa045ebb202aee9ec7cbf36ea3cad/Django-5.1-py3-none-any.whl", hash = "sha256:d3b811bf5371a26def053d7ee42a9df1267ef7622323fe70a601936725aa4557", size = 8246099 },
]

[[distribution]]
name = "django-bootstrap5"
version = "24.2"
source = { registry = "https://pypi.org/simple" }
dependencies = [
    { name = "django" },
]
sdist = { url = "https://files.pythonhosted.org/packages/f2/74/48395d813a39a06e36031a6f8855a24246d52a985cc52cd17bd76baa8454/django_bootstrap5-24.2.tar.gz", hash = "sha256:a3cee2b3d45745210c5b898af2917f310f44df746269fe09a93be28a0adc2a4b", size = 52683 }
wheels = [
    { url = "https://files.pythonhosted.org/packages/f4/ec/be94035c59698dfdf9921ad20a7b8efba46be0b1b0f1903e7c2e71d63b81/django_bootstrap5-24.2-py3-none-any.whl", hash = "sha256:6a5d83e9ff1952f7c07c54cebcb76c85f09787b8b57eeb4ec07554cd583acc64", size = 25283 },
]

[[distribution]]
name = "django-crispy-forms"
version = "2.3"
source = { registry = "https://pypi.org/simple" }
dependencies = [
    { name = "django" },
]
sdist = { url = "https://files.pythonhosted.org/packages/04/f6/5bce7ae3512171c7c0ca3de31689e2a1ced8b030f156fcf13d2870e5468e/django_crispy_forms-2.3.tar.gz", hash = "sha256:2db17ae08527201be1273f0df789e5f92819e23dd28fec69cffba7f3762e1a38", size = 278849 }
wheels = [
    { url = "https://files.pythonhosted.org/packages/4c/3b/5dc3faf8739d1ce7a73cedaff508b4af8f6aa1684120ded6185ca0c92734/django_crispy_forms-2.3-py3-none-any.whl", hash = "sha256:efc4c31e5202bbec6af70d383a35e12fc80ea769d464fb0e7fe21768bb138a20", size = 31411 },
]

[[distribution]]
name = "django-stubs"
version = "5.0.4"
source = { registry = "https://pypi.org/simple" }
dependencies = [
    { name = "asgiref" },
    { name = "django" },
    { name = "django-stubs-ext" },
    { name = "types-pyyaml" },
    { name = "typing-extensions" },
]
sdist = { url = "https://files.pythonhosted.org/packages/36/f4/2dfc77809e4d04164ec614755e2359ec2e68a32f7b5428909fa0b7f8f4e0/django_stubs-5.0.4.tar.gz", hash = "sha256:78e3764488fdfd2695f12502136548ec22f8d4b1780541a835042b8238d11514", size = 262238 }
wheels = [
    { url = "https://files.pythonhosted.org/packages/ec/f0/36c0f82ed7b4ef630b39e165590645c4fe4361f52d41bca5001327d62f57/django_stubs-5.0.4-py3-none-any.whl", hash = "sha256:c2502f5ecbae50c68f9a86d52b5b2447d8648fd205036dad0ccb41e19a445927", size = 466530 },
]

[[distribution]]
name = "django-stubs-ext"
version = "5.0.4"
source = { registry = "https://pypi.org/simple" }
dependencies = [
    { name = "django" },
    { name = "typing-extensions" },
]
sdist = { url = "https://files.pythonhosted.org/packages/91/77/ef453a8286fff87db8efd7fe93c1a86f05aeddcc78973c883af91b667f74/django_stubs_ext-5.0.4.tar.gz", hash = "sha256:85da065224204774208be29c7d02b4482d5a69218a728465c2fbe41725fdc819", size = 9410 }
wheels = [
    { url = "https://files.pythonhosted.org/packages/cc/54/66a7ccb1f4e4a8e37e0881a3dfdcabaee9fc0c0c91cbe64170e794acebd7/django_stubs_ext-5.0.4-py3-none-any.whl", hash = "sha256:910cbaff3d1e8e806a5c27d5ddd4088535aae8371ea921b7fd680fdfa5f14e30", size = 8954 },
]

[[distribution]]
name = "gunicorn"
version = "23.0.0"
source = { registry = "https://pypi.org/simple" }
dependencies = [
    { name = "packaging" },
]
sdist = { url = "https://files.pythonhosted.org/packages/34/72/9614c465dc206155d93eff0ca20d42e1e35afc533971379482de953521a4/gunicorn-23.0.0.tar.gz", hash = "sha256:f014447a0101dc57e294f6c18ca6b40227a4c90e9bdb586042628030cba004ec", size = 375031 }
wheels = [
    { url = "https://files.pythonhosted.org/packages/cb/7d/6dac2a6e1eba33ee43f318edbed4ff29151a49b5d37f080aad1e6469bca4/gunicorn-23.0.0-py3-none-any.whl", hash = "sha256:ec400d38950de4dfd418cff8328b2c8faed0edb0d517d3394e457c317908ca4d", size = 85029 },
]

[[distribution]]
name = "packaging"
version = "24.1"
source = { registry = "https://pypi.org/simple" }
sdist = { url = "https://files.pythonhosted.org/packages/51/65/50db4dda066951078f0a96cf12f4b9ada6e4b811516bf0262c0f4f7064d4/packaging-24.1.tar.gz", hash = "sha256:026ed72c8ed3fcce5bf8950572258698927fd1dbda10a5e981cdf0ac37f4f002", size = 148788 }
wheels = [
    { url = "https://files.pythonhosted.org/packages/08/aa/cc0199a5f0ad350994d660967a8efb233fe0416e4639146c089643407ce6/packaging-24.1-py3-none-any.whl", hash = "sha256:5b8f2217dbdbd2f7f384c41c628544e6d52f2d0f53c6d0c3ea61aa5d1d7ff124", size = 53985 },
]

[[distribution]]
name = "sqlparse"
version = "0.5.1"
source = { registry = "https://pypi.org/simple" }
sdist = { url = "https://files.pythonhosted.org/packages/73/82/dfa23ec2cbed08a801deab02fe7c904bfb00765256b155941d789a338c68/sqlparse-0.5.1.tar.gz", hash = "sha256:bb6b4df465655ef332548e24f08e205afc81b9ab86cb1c45657a7ff173a3a00e", size = 84502 }
wheels = [
    { url = "https://files.pythonhosted.org/packages/5d/a5/b2860373aa8de1e626b2bdfdd6df4355f0565b47e51f7d0c54fe70faf8fe/sqlparse-0.5.1-py3-none-any.whl", hash = "sha256:773dcbf9a5ab44a090f3441e2180efe2560220203dc2f8c0b0fa141e18b505e4", size = 44156 },
]

[[distribution]]
name = "types-pyyaml"
version = "6.0.12.20240808"
source = { registry = "https://pypi.org/simple" }
sdist = { url = "https://files.pythonhosted.org/packages/dd/08/6f5737f645571b7a0b1ebd2fe8b5cf1ee4ec3e707866ca96042a86fc1d10/types-PyYAML-6.0.12.20240808.tar.gz", hash = "sha256:b8f76ddbd7f65440a8bda5526a9607e4c7a322dc2f8e1a8c405644f9a6f4b9af", size = 12359 }
wheels = [
    { url = "https://files.pythonhosted.org/packages/f3/ad/ffbad24e2bc8f20bf047ec22af0c0a92f6ce2071eb21c9103df600cda6de/types_PyYAML-6.0.12.20240808-py3-none-any.whl", hash = "sha256:deda34c5c655265fc517b546c902aa6eed2ef8d3e921e4765fe606fe2afe8d35", size = 15298 },
]

[[distribution]]
name = "typing-extensions"
version = "4.12.2"
source = { registry = "https://pypi.org/simple" }
sdist = { url = "https://files.pythonhosted.org/packages/df/db/f35a00659bc03fec321ba8bce9420de607a1d37f8342eee1863174c69557/typing_extensions-4.12.2.tar.gz", hash = "sha256:1a7ead55c7e559dd4dee8856e3a88b41225abfe1ce8df57b7c13915fe121ffb8", size = 85321 }
wheels = [
    { url = "https://files.pythonhosted.org/packages/26/9f/ad63fc0248c5379346306f8668cda6e2e2e9c95e01216d2b8ffd9ff037d0/typing_extensions-4.12.2-py3-none-any.whl", hash = "sha256:04e5ca0351e0f3f85c6853954072df659d0d13fac324d0072316b67d7794700d", size = 37438 },
]

[[distribution]]
name = "tzdata"
version = "2024.1"
source = { registry = "https://pypi.org/simple" }
sdist = { url = "https://files.pythonhosted.org/packages/74/5b/e025d02cb3b66b7b76093404392d4b44343c69101cc85f4d180dd5784717/tzdata-2024.1.tar.gz", hash = "sha256:2674120f8d891909751c38abcdfd386ac0a5a1127954fbc332af6b5ceae07efd", size = 190559 }
wheels = [
    { url = "https://files.pythonhosted.org/packages/65/58/f9c9e6be752e9fcb8b6a0ee9fb87e6e7a1f6bcab2cdc73f02bb7ba91ada0/tzdata-2024.1-py2.py3-none-any.whl", hash = "sha256:9068bc196136463f5245e51efda838afa15aaeca9903f49050dfa2679db4d252", size = 345370 },
]
