version = 1
revision = 1
requires-python = ">=3.12"

[[package]]
name = "annotated-types"
version = "0.7.0"
source = { registry = "https://pypi.org/simple" }
sdist = { url = "https://files.pythonhosted.org/packages/ee/67/531ea369ba64dcff5ec9c3402f9f51bf748cec26dde048a2f973a4eea7f5/annotated_types-0.7.0.tar.gz", hash = "sha256:aff07c09a53a08bc8cfccb9c85b05f1aa9a2a6f23728d790723543408344ce89", size = 16081 }
wheels = [
    { url = "https://files.pythonhosted.org/packages/78/b6/6307fbef88d9b5ee7421e68d78a9f162e0da4900bc5f5793f6d3d0e34fb8/annotated_types-0.7.0-py3-none-any.whl", hash = "sha256:1f02e8b43a8fbbc3f3e0d4f0f4bfc8131bcb4eebe8849b8e5c773f3a1c582a53", size = 13643 },
]

[[package]]
name = "asgiref"
version = "3.8.1"
source = { registry = "https://pypi.org/simple" }
sdist = { url = "https://files.pythonhosted.org/packages/29/38/b3395cc9ad1b56d2ddac9970bc8f4141312dbaec28bc7c218b0dfafd0f42/asgiref-3.8.1.tar.gz", hash = "sha256:c343bd80a0bec947a9860adb4c432ffa7db769836c64238fc34bdc3fec84d590", size = 35186 }
wheels = [
    { url = "https://files.pythonhosted.org/packages/39/e3/893e8757be2612e6c266d9bb58ad2e3651524b5b40cf56761e985a28b13e/asgiref-3.8.1-py3-none-any.whl", hash = "sha256:3e1e3ecc849832fe52ccf2cb6686b7a55f82bb1d6aee72a58826471390335e47", size = 23828 },
]

[[package]]
name = "cosmic-themes-py"
version = "0.1.0"
source = { virtual = "." }
dependencies = [
    { name = "dj-database-url" },
    { name = "django" },
    { name = "django-htmx" },
    { name = "django-ninja" },
    { name = "gunicorn" },
    { name = "psycopg" },
]

[package.dev-dependencies]
dev = [
    { name = "django-stubs" },
]

[package.metadata]
requires-dist = [
    { name = "dj-database-url", specifier = ">=2.2.0" },
    { name = "django", specifier = ">=5.1" },
    { name = "django-htmx", specifier = ">=1.19.0" },
    { name = "django-ninja", specifier = ">=1.3.0" },
    { name = "gunicorn", specifier = ">=23.0.0" },
    { name = "psycopg", specifier = ">=3.2.1" },
]

[package.metadata.requires-dev]
dev = [{ name = "django-stubs", specifier = ">=5.0.4" }]

[[package]]
name = "dj-database-url"
version = "2.3.0"
source = { registry = "https://pypi.org/simple" }
dependencies = [
    { name = "django" },
    { name = "typing-extensions" },
]
sdist = { url = "https://files.pythonhosted.org/packages/98/9f/fc9905758256af4f68a55da94ab78a13e7775074edfdcaddd757d4921686/dj_database_url-2.3.0.tar.gz", hash = "sha256:ae52e8e634186b57e5a45e445da5dc407a819c2ceed8a53d1fac004cc5288787", size = 10980 }
wheels = [
    { url = "https://files.pythonhosted.org/packages/e5/91/641a4e5c8903ed59f6cbcce571003bba9c5d2f731759c31db0ba83bb0bdb/dj_database_url-2.3.0-py3-none-any.whl", hash = "sha256:bb0d414ba0ac5cd62773ec7f86f8cc378a9dbb00a80884c2fc08cc570452521e", size = 7793 },
]

[[package]]
name = "django"
version = "5.2"
source = { registry = "https://pypi.org/simple" }
dependencies = [
    { name = "asgiref" },
    { name = "sqlparse" },
    { name = "tzdata", marker = "sys_platform == 'win32'" },
]
sdist = { url = "https://files.pythonhosted.org/packages/4c/1b/c6da718c65228eb3a7ff7ba6a32d8e80fa840ca9057490504e099e4dd1ef/Django-5.2.tar.gz", hash = "sha256:1a47f7a7a3d43ce64570d350e008d2949abe8c7e21737b351b6a1611277c6d89", size = 10824891 }
wheels = [
    { url = "https://files.pythonhosted.org/packages/63/e0/6a5b5ea350c5bd63fe94b05e4c146c18facb51229d9dee42aa39f9fc2214/Django-5.2-py3-none-any.whl", hash = "sha256:91ceed4e3a6db5aedced65e3c8f963118ea9ba753fc620831c77074e620e7d83", size = 8301361 },
]

[[package]]
name = "django-htmx"
version = "1.23.0"
source = { registry = "https://pypi.org/simple" }
dependencies = [
    { name = "asgiref" },
    { name = "django" },
]
sdist = { url = "https://files.pythonhosted.org/packages/dd/3c/8bf0e45b60094bbfc2147d48088a6af712534f319765352d5463c7433064/django_htmx-1.23.0.tar.gz", hash = "sha256:71e6242ac6bd32a0e14fcb12b340f901c9a924f0b4e9b461a5e6a6eea8d9c6dd", size = 63450 }
wheels = [
    { url = "https://files.pythonhosted.org/packages/82/47/53ac27bd75d164fa6f3996367c082933ed7ff7a0d59463e09ae97c148ff8/django_htmx-1.23.0-py3-none-any.whl", hash = "sha256:bca2d7590f3df8611a32a436b9f098d8bccb9762b99b01c08dc42336966700a0", size = 60822 },
]

[[package]]
name = "django-ninja"
version = "1.4.1"
source = { registry = "https://pypi.org/simple" }
dependencies = [
    { name = "django" },
    { name = "pydantic" },
]
sdist = { url = "https://files.pythonhosted.org/packages/08/16/94521cbbcb5486cc55ce7acf8e50c894e34e68bef08c6947b48b375213e4/django_ninja-1.4.1.tar.gz", hash = "sha256:828a901abdc9c02cc89c9ab646cbafbc972c0a90919b16b37b3197d8d6094abb", size = 3707954 }
wheels = [
    { url = "https://files.pythonhosted.org/packages/fd/9f/a6d819a151723f44a85b1bfebfa60cd09d0219313b175023f5593bb47753/django_ninja-1.4.1-py3-none-any.whl", hash = "sha256:a091aa69be6ba75a89c5043d35f99cf9bf4f5c26e1ac6783accf8eaa1f8cb12b", size = 2425909 },
]

[[package]]
name = "django-stubs"
version = "5.1.3"
source = { registry = "https://pypi.org/simple" }
dependencies = [
    { name = "asgiref" },
    { name = "django" },
    { name = "django-stubs-ext" },
    { name = "types-pyyaml" },
    { name = "typing-extensions" },
]
sdist = { url = "https://files.pythonhosted.org/packages/dd/48/e733ceff94ed3c4ccba4c2f0708739974bbcdbcfb69efefb87b10780937f/django_stubs-5.1.3.tar.gz", hash = "sha256:8c230bc5bebee6da282ba8a27ad1503c84a0c4cd2f46e63d149e76d2a63e639a", size = 267390 }
wheels = [
    { url = "https://files.pythonhosted.org/packages/74/94/3551a181faf44a63a4ef1ab8e0eb7f27f6af168c2f719ea482e54b39d237/django_stubs-5.1.3-py3-none-any.whl", hash = "sha256:716758ced158b439213062e52de6df3cff7c586f9f9ad7ab59210efbea5dfe78", size = 472753 },
]

[[package]]
name = "django-stubs-ext"
version = "5.1.3"
source = { registry = "https://pypi.org/simple" }
dependencies = [
    { name = "django" },
    { name = "typing-extensions" },
]
sdist = { url = "https://files.pythonhosted.org/packages/9f/06/7b210e0073c6cb8824bde82afc25f268e8c410a99d3621297f44fa3f6a6c/django_stubs_ext-5.1.3.tar.gz", hash = "sha256:3e60f82337f0d40a362f349bf15539144b96e4ceb4dbd0239be1cd71f6a74ad0", size = 9613 }
wheels = [
    { url = "https://files.pythonhosted.org/packages/cc/52/50125afcf29382b7f9d88a992e44835108dd2f1694d6d17d6d3d6fe06c81/django_stubs_ext-5.1.3-py3-none-any.whl", hash = "sha256:64561fbc53e963cc1eed2c8eb27e18b8e48dcb90771205180fe29fc8a59e55fd", size = 9034 },
]

[[package]]
name = "gunicorn"
version = "23.0.0"
source = { registry = "https://pypi.org/simple" }
dependencies = [
    { name = "packaging" },
]
sdist = { url = "https://files.pythonhosted.org/packages/34/72/9614c465dc206155d93eff0ca20d42e1e35afc533971379482de953521a4/gunicorn-23.0.0.tar.gz", hash = "sha256:f014447a0101dc57e294f6c18ca6b40227a4c90e9bdb586042628030cba004ec", size = 375031 }
wheels = [
    { url = "https://files.pythonhosted.org/packages/cb/7d/6dac2a6e1eba33ee43f318edbed4ff29151a49b5d37f080aad1e6469bca4/gunicorn-23.0.0-py3-none-any.whl", hash = "sha256:ec400d38950de4dfd418cff8328b2c8faed0edb0d517d3394e457c317908ca4d", size = 85029 },
]

[[package]]
name = "packaging"
version = "24.2"
source = { registry = "https://pypi.org/simple" }
sdist = { url = "https://files.pythonhosted.org/packages/d0/63/68dbb6eb2de9cb10ee4c9c14a0148804425e13c4fb20d61cce69f53106da/packaging-24.2.tar.gz", hash = "sha256:c228a6dc5e932d346bc5739379109d49e8853dd8223571c7c5b55260edc0b97f", size = 163950 }
wheels = [
    { url = "https://files.pythonhosted.org/packages/88/ef/eb23f262cca3c0c4eb7ab1933c3b1f03d021f2c48f54763065b6f0e321be/packaging-24.2-py3-none-any.whl", hash = "sha256:09abb1bccd265c01f4a3aa3f7a7db064b36514d2cba19a2f694fe6150451a759", size = 65451 },
]

[[package]]
name = "psycopg"
version = "3.2.6"
source = { registry = "https://pypi.org/simple" }
dependencies = [
    { name = "typing-extensions", marker = "python_full_version < '3.13'" },
    { name = "tzdata", marker = "sys_platform == 'win32'" },
]
sdist = { url = "https://files.pythonhosted.org/packages/67/97/eea08f74f1c6dd2a02ee81b4ebfe5b558beb468ebbd11031adbf58d31be0/psycopg-3.2.6.tar.gz", hash = "sha256:16fa094efa2698f260f2af74f3710f781e4a6f226efe9d1fd0c37f384639ed8a", size = 156322 }
wheels = [
    { url = "https://files.pythonhosted.org/packages/d7/7d/0ba52deff71f65df8ec8038adad86ba09368c945424a9bd8145d679a2c6a/psycopg-3.2.6-py3-none-any.whl", hash = "sha256:f3ff5488525890abb0566c429146add66b329e20d6d4835662b920cbbf90ac58", size = 199077 },
]

[[package]]
name = "pydantic"
version = "2.11.3"
source = { registry = "https://pypi.org/simple" }
dependencies = [
    { name = "annotated-types" },
    { name = "pydantic-core" },
    { name = "typing-extensions" },
    { name = "typing-inspection" },
]
sdist = { url = "https://files.pythonhosted.org/packages/10/2e/ca897f093ee6c5f3b0bee123ee4465c50e75431c3d5b6a3b44a47134e891/pydantic-2.11.3.tar.gz", hash = "sha256:7471657138c16adad9322fe3070c0116dd6c3ad8d649300e3cbdfe91f4db4ec3", size = 785513 }
wheels = [
    { url = "https://files.pythonhosted.org/packages/b0/1d/407b29780a289868ed696d1616f4aad49d6388e5a77f567dcd2629dcd7b8/pydantic-2.11.3-py3-none-any.whl", hash = "sha256:a082753436a07f9ba1289c6ffa01cd93db3548776088aa917cc43b63f68fa60f", size = 443591 },
]

[[package]]
name = "pydantic-core"
version = "2.33.1"
source = { registry = "https://pypi.org/simple" }
dependencies = [
    { name = "typing-extensions" },
]
sdist = { url = "https://files.pythonhosted.org/packages/17/19/ed6a078a5287aea7922de6841ef4c06157931622c89c2a47940837b5eecd/pydantic_core-2.33.1.tar.gz", hash = "sha256:bcc9c6fdb0ced789245b02b7d6603e17d1563064ddcfc36f046b61c0c05dd9df", size = 434395 }
wheels = [
    { url = "https://files.pythonhosted.org/packages/c8/ce/3cb22b07c29938f97ff5f5bb27521f95e2ebec399b882392deb68d6c440e/pydantic_core-2.33.1-cp312-cp312-macosx_10_12_x86_64.whl", hash = "sha256:1293d7febb995e9d3ec3ea09caf1a26214eec45b0f29f6074abb004723fc1de8", size = 2026640 },
    { url = "https://files.pythonhosted.org/packages/19/78/f381d643b12378fee782a72126ec5d793081ef03791c28a0fd542a5bee64/pydantic_core-2.33.1-cp312-cp312-macosx_11_0_arm64.whl", hash = "sha256:99b56acd433386c8f20be5c4000786d1e7ca0523c8eefc995d14d79c7a081498", size = 1852649 },
    { url = "https://files.pythonhosted.org/packages/9d/2b/98a37b80b15aac9eb2c6cfc6dbd35e5058a352891c5cce3a8472d77665a6/pydantic_core-2.33.1-cp312-cp312-manylinux_2_17_aarch64.manylinux2014_aarch64.whl", hash = "sha256:35a5ec3fa8c2fe6c53e1b2ccc2454398f95d5393ab398478f53e1afbbeb4d939", size = 1892472 },
    { url = "https://files.pythonhosted.org/packages/4e/d4/3c59514e0f55a161004792b9ff3039da52448f43f5834f905abef9db6e4a/pydantic_core-2.33.1-cp312-cp312-manylinux_2_17_armv7l.manylinux2014_armv7l.whl", hash = "sha256:b172f7b9d2f3abc0efd12e3386f7e48b576ef309544ac3a63e5e9cdd2e24585d", size = 1977509 },
    { url = "https://files.pythonhosted.org/packages/a9/b6/c2c7946ef70576f79a25db59a576bce088bdc5952d1b93c9789b091df716/pydantic_core-2.33.1-cp312-cp312-manylinux_2_17_ppc64le.manylinux2014_ppc64le.whl", hash = "sha256:9097b9f17f91eea659b9ec58148c0747ec354a42f7389b9d50701610d86f812e", size = 2128702 },
    { url = "https://files.pythonhosted.org/packages/88/fe/65a880f81e3f2a974312b61f82a03d85528f89a010ce21ad92f109d94deb/pydantic_core-2.33.1-cp312-cp312-manylinux_2_17_s390x.manylinux2014_s390x.whl", hash = "sha256:cc77ec5b7e2118b152b0d886c7514a4653bcb58c6b1d760134a9fab915f777b3", size = 2679428 },
    { url = "https://files.pythonhosted.org/packages/6f/ff/4459e4146afd0462fb483bb98aa2436d69c484737feaceba1341615fb0ac/pydantic_core-2.33.1-cp312-cp312-manylinux_2_17_x86_64.manylinux2014_x86_64.whl", hash = "sha256:d5e3d15245b08fa4a84cefc6c9222e6f37c98111c8679fbd94aa145f9a0ae23d", size = 2008753 },
    { url = "https://files.pythonhosted.org/packages/7c/76/1c42e384e8d78452ededac8b583fe2550c84abfef83a0552e0e7478ccbc3/pydantic_core-2.33.1-cp312-cp312-manylinux_2_5_i686.manylinux1_i686.whl", hash = "sha256:ef99779001d7ac2e2461d8ab55d3373fe7315caefdbecd8ced75304ae5a6fc6b", size = 2114849 },
    { url = "https://files.pythonhosted.org/packages/00/72/7d0cf05095c15f7ffe0eb78914b166d591c0eed72f294da68378da205101/pydantic_core-2.33.1-cp312-cp312-musllinux_1_1_aarch64.whl", hash = "sha256:fc6bf8869e193855e8d91d91f6bf59699a5cdfaa47a404e278e776dd7f168b39", size = 2069541 },
    { url = "https://files.pythonhosted.org/packages/b3/69/94a514066bb7d8be499aa764926937409d2389c09be0b5107a970286ef81/pydantic_core-2.33.1-cp312-cp312-musllinux_1_1_armv7l.whl", hash = "sha256:b1caa0bc2741b043db7823843e1bde8aaa58a55a58fda06083b0569f8b45693a", size = 2239225 },
    { url = "https://files.pythonhosted.org/packages/84/b0/e390071eadb44b41f4f54c3cef64d8bf5f9612c92686c9299eaa09e267e2/pydantic_core-2.33.1-cp312-cp312-musllinux_1_1_x86_64.whl", hash = "sha256:ec259f62538e8bf364903a7d0d0239447059f9434b284f5536e8402b7dd198db", size = 2248373 },
    { url = "https://files.pythonhosted.org/packages/d6/b2/288b3579ffc07e92af66e2f1a11be3b056fe1214aab314748461f21a31c3/pydantic_core-2.33.1-cp312-cp312-win32.whl", hash = "sha256:e14f369c98a7c15772b9da98987f58e2b509a93235582838bd0d1d8c08b68fda", size = 1907034 },
    { url = "https://files.pythonhosted.org/packages/02/28/58442ad1c22b5b6742b992ba9518420235adced665513868f99a1c2638a5/pydantic_core-2.33.1-cp312-cp312-win_amd64.whl", hash = "sha256:1c607801d85e2e123357b3893f82c97a42856192997b95b4d8325deb1cd0c5f4", size = 1956848 },
    { url = "https://files.pythonhosted.org/packages/a1/eb/f54809b51c7e2a1d9f439f158b8dd94359321abcc98767e16fc48ae5a77e/pydantic_core-2.33.1-cp312-cp312-win_arm64.whl", hash = "sha256:8d13f0276806ee722e70a1c93da19748594f19ac4299c7e41237fc791d1861ea", size = 1903986 },
    { url = "https://files.pythonhosted.org/packages/7a/24/eed3466a4308d79155f1cdd5c7432c80ddcc4530ba8623b79d5ced021641/pydantic_core-2.33.1-cp313-cp313-macosx_10_12_x86_64.whl", hash = "sha256:70af6a21237b53d1fe7b9325b20e65cbf2f0a848cf77bed492b029139701e66a", size = 2033551 },
    { url = "https://files.pythonhosted.org/packages/ab/14/df54b1a0bc9b6ded9b758b73139d2c11b4e8eb43e8ab9c5847c0a2913ada/pydantic_core-2.33.1-cp313-cp313-macosx_11_0_arm64.whl", hash = "sha256:282b3fe1bbbe5ae35224a0dbd05aed9ccabccd241e8e6b60370484234b456266", size = 1852785 },
    { url = "https://files.pythonhosted.org/packages/fa/96/e275f15ff3d34bb04b0125d9bc8848bf69f25d784d92a63676112451bfb9/pydantic_core-2.33.1-cp313-cp313-manylinux_2_17_aarch64.manylinux2014_aarch64.whl", hash = "sha256:4b315e596282bbb5822d0c7ee9d255595bd7506d1cb20c2911a4da0b970187d3", size = 1897758 },
    { url = "https://files.pythonhosted.org/packages/b7/d8/96bc536e975b69e3a924b507d2a19aedbf50b24e08c80fb00e35f9baaed8/pydantic_core-2.33.1-cp313-cp313-manylinux_2_17_armv7l.manylinux2014_armv7l.whl", hash = "sha256:1dfae24cf9921875ca0ca6a8ecb4bb2f13c855794ed0d468d6abbec6e6dcd44a", size = 1986109 },
    { url = "https://files.pythonhosted.org/packages/90/72/ab58e43ce7e900b88cb571ed057b2fcd0e95b708a2e0bed475b10130393e/pydantic_core-2.33.1-cp313-cp313-manylinux_2_17_ppc64le.manylinux2014_ppc64le.whl", hash = "sha256:6dd8ecfde08d8bfadaea669e83c63939af76f4cf5538a72597016edfa3fad516", size = 2129159 },
    { url = "https://files.pythonhosted.org/packages/dc/3f/52d85781406886c6870ac995ec0ba7ccc028b530b0798c9080531b409fdb/pydantic_core-2.33.1-cp313-cp313-manylinux_2_17_s390x.manylinux2014_s390x.whl", hash = "sha256:2f593494876eae852dc98c43c6f260f45abdbfeec9e4324e31a481d948214764", size = 2680222 },
    { url = "https://files.pythonhosted.org/packages/f4/56/6e2ef42f363a0eec0fd92f74a91e0ac48cd2e49b695aac1509ad81eee86a/pydantic_core-2.33.1-cp313-cp313-manylinux_2_17_x86_64.manylinux2014_x86_64.whl", hash = "sha256:948b73114f47fd7016088e5186d13faf5e1b2fe83f5e320e371f035557fd264d", size = 2006980 },
    { url = "https://files.pythonhosted.org/packages/4c/c0/604536c4379cc78359f9ee0aa319f4aedf6b652ec2854953f5a14fc38c5a/pydantic_core-2.33.1-cp313-cp313-manylinux_2_5_i686.manylinux1_i686.whl", hash = "sha256:e11f3864eb516af21b01e25fac915a82e9ddad3bb0fb9e95a246067398b435a4", size = 2120840 },
    { url = "https://files.pythonhosted.org/packages/1f/46/9eb764814f508f0edfb291a0f75d10854d78113fa13900ce13729aaec3ae/pydantic_core-2.33.1-cp313-cp313-musllinux_1_1_aarch64.whl", hash = "sha256:549150be302428b56fdad0c23c2741dcdb5572413776826c965619a25d9c6bde", size = 2072518 },
    { url = "https://files.pythonhosted.org/packages/42/e3/fb6b2a732b82d1666fa6bf53e3627867ea3131c5f39f98ce92141e3e3dc1/pydantic_core-2.33.1-cp313-cp313-musllinux_1_1_armv7l.whl", hash = "sha256:495bc156026efafd9ef2d82372bd38afce78ddd82bf28ef5276c469e57c0c83e", size = 2248025 },
    { url = "https://files.pythonhosted.org/packages/5c/9d/fbe8fe9d1aa4dac88723f10a921bc7418bd3378a567cb5e21193a3c48b43/pydantic_core-2.33.1-cp313-cp313-musllinux_1_1_x86_64.whl", hash = "sha256:ec79de2a8680b1a67a07490bddf9636d5c2fab609ba8c57597e855fa5fa4dacd", size = 2254991 },
    { url = "https://files.pythonhosted.org/packages/aa/99/07e2237b8a66438d9b26482332cda99a9acccb58d284af7bc7c946a42fd3/pydantic_core-2.33.1-cp313-cp313-win32.whl", hash = "sha256:ee12a7be1742f81b8a65b36c6921022301d466b82d80315d215c4c691724986f", size = 1915262 },
    { url = "https://files.pythonhosted.org/packages/8a/f4/e457a7849beeed1e5defbcf5051c6f7b3c91a0624dd31543a64fc9adcf52/pydantic_core-2.33.1-cp313-cp313-win_amd64.whl", hash = "sha256:ede9b407e39949d2afc46385ce6bd6e11588660c26f80576c11c958e6647bc40", size = 1956626 },
    { url = "https://files.pythonhosted.org/packages/20/d0/e8d567a7cff7b04e017ae164d98011f1e1894269fe8e90ea187a3cbfb562/pydantic_core-2.33.1-cp313-cp313-win_arm64.whl", hash = "sha256:aa687a23d4b7871a00e03ca96a09cad0f28f443690d300500603bd0adba4b523", size = 1909590 },
    { url = "https://files.pythonhosted.org/packages/ef/fd/24ea4302d7a527d672c5be06e17df16aabfb4e9fdc6e0b345c21580f3d2a/pydantic_core-2.33.1-cp313-cp313t-macosx_11_0_arm64.whl", hash = "sha256:401d7b76e1000d0dd5538e6381d28febdcacb097c8d340dde7d7fc6e13e9f95d", size = 1812963 },
    { url = "https://files.pythonhosted.org/packages/5f/95/4fbc2ecdeb5c1c53f1175a32d870250194eb2fdf6291b795ab08c8646d5d/pydantic_core-2.33.1-cp313-cp313t-manylinux_2_17_x86_64.manylinux2014_x86_64.whl", hash = "sha256:7aeb055a42d734c0255c9e489ac67e75397d59c6fbe60d155851e9782f276a9c", size = 1986896 },
    { url = "https://files.pythonhosted.org/packages/71/ae/fe31e7f4a62431222d8f65a3bd02e3fa7e6026d154a00818e6d30520ea77/pydantic_core-2.33.1-cp313-cp313t-win_amd64.whl", hash = "sha256:338ea9b73e6e109f15ab439e62cb3b78aa752c7fd9536794112e14bee02c8d18", size = 1931810 },
]

[[package]]
name = "sqlparse"
version = "0.5.3"
source = { registry = "https://pypi.org/simple" }
sdist = { url = "https://files.pythonhosted.org/packages/e5/40/edede8dd6977b0d3da179a342c198ed100dd2aba4be081861ee5911e4da4/sqlparse-0.5.3.tar.gz", hash = "sha256:09f67787f56a0b16ecdbde1bfc7f5d9c3371ca683cfeaa8e6ff60b4807ec9272", size = 84999 }
wheels = [
    { url = "https://files.pythonhosted.org/packages/a9/5c/bfd6bd0bf979426d405cc6e71eceb8701b148b16c21d2dc3c261efc61c7b/sqlparse-0.5.3-py3-none-any.whl", hash = "sha256:cf2196ed3418f3ba5de6af7e82c694a9fbdbfecccdfc72e281548517081f16ca", size = 44415 },
]

[[package]]
name = "types-pyyaml"
version = "6.0.12.20250402"
source = { registry = "https://pypi.org/simple" }
sdist = { url = "https://files.pythonhosted.org/packages/2d/68/609eed7402f87c9874af39d35942744e39646d1ea9011765ec87b01b2a3c/types_pyyaml-6.0.12.20250402.tar.gz", hash = "sha256:d7c13c3e6d335b6af4b0122a01ff1d270aba84ab96d1a1a1063ecba3e13ec075", size = 17282 }
wheels = [
    { url = "https://files.pythonhosted.org/packages/ed/56/1fe61db05685fbb512c07ea9323f06ea727125951f1eb4dff110b3311da3/types_pyyaml-6.0.12.20250402-py3-none-any.whl", hash = "sha256:652348fa9e7a203d4b0d21066dfb00760d3cbd5a15ebb7cf8d33c88a49546681", size = 20329 },
]

[[package]]
name = "typing-extensions"
version = "4.13.2"
source = { registry = "https://pypi.org/simple" }
sdist = { url = "https://files.pythonhosted.org/packages/f6/37/23083fcd6e35492953e8d2aaaa68b860eb422b34627b13f2ce3eb6106061/typing_extensions-4.13.2.tar.gz", hash = "sha256:e6c81219bd689f51865d9e372991c540bda33a0379d5573cddb9a3a23f7caaef", size = 106967 }
wheels = [
    { url = "https://files.pythonhosted.org/packages/8b/54/b1ae86c0973cc6f0210b53d508ca3641fb6d0c56823f288d108bc7ab3cc8/typing_extensions-4.13.2-py3-none-any.whl", hash = "sha256:a439e7c04b49fec3e5d3e2beaa21755cadbbdc391694e28ccdd36ca4a1408f8c", size = 45806 },
]

[[package]]
name = "typing-inspection"
version = "0.4.0"
source = { registry = "https://pypi.org/simple" }
dependencies = [
    { name = "typing-extensions" },
]
sdist = { url = "https://files.pythonhosted.org/packages/82/5c/e6082df02e215b846b4b8c0b887a64d7d08ffaba30605502639d44c06b82/typing_inspection-0.4.0.tar.gz", hash = "sha256:9765c87de36671694a67904bf2c96e395be9c6439bb6c87b5142569dcdd65122", size = 76222 }
wheels = [
    { url = "https://files.pythonhosted.org/packages/31/08/aa4fdfb71f7de5176385bd9e90852eaf6b5d622735020ad600f2bab54385/typing_inspection-0.4.0-py3-none-any.whl", hash = "sha256:50e72559fcd2a6367a19f7a7e610e6afcb9fac940c650290eed893d61386832f", size = 14125 },
]

[[package]]
name = "tzdata"
version = "2025.2"
source = { registry = "https://pypi.org/simple" }
sdist = { url = "https://files.pythonhosted.org/packages/95/32/1a225d6164441be760d75c2c42e2780dc0873fe382da3e98a2e1e48361e5/tzdata-2025.2.tar.gz", hash = "sha256:b60a638fcc0daffadf82fe0f57e53d06bdec2f36c4df66280ae79bce6bd6f2b9", size = 196380 }
wheels = [
    { url = "https://files.pythonhosted.org/packages/5c/23/c7abc0ca0a1526a0774eca151daeb8de62ec457e77262b66b359c3c7679e/tzdata-2025.2-py2.py3-none-any.whl", hash = "sha256:1a403fada01ff9221ca8044d701868fa132215d84beb92242d9acd2147f667a8", size = 347839 },
]
